
Microsoft Visual Studio Solution File, Format Version 12.00
# Visual Studio 2013
VisualStudioVersion = 12.0.31101.0
MinimumVisualStudioVersion = 10.0.40219.1
Project("{2150E333-8FDC-42A3-9474-1A3956D46DE8}") = "UnitTests", "UnitTests", "{68B913F0-6A07-4551-A8BD-1C57D3338668}"
EndProject
Project("{2150E333-8FDC-42A3-9474-1A3956D46DE8}") = "Source", "Source", "{150F9227-EDB6-42F4-AEA4-47CBD286536B}"
EndProject
Project("{FAE04EC0-301F-11D3-BF4B-00C04F79EFBC}") = "TW.CTM.Businesses.Interface", "Source\TW.CTM.Businesses.Interface\TW.CTM.Businesses.Interface.csproj", "{90A2EB80-71E4-474D-B81D-030D7A6DDA9F}"
EndProject
Project("{FAE04EC0-301F-11D3-BF4B-00C04F79EFBC}") = "TW.CTM.Common", "Source\TW.CTM.Common\TW.CTM.Common.csproj", "{0CFD55C9-F5D4-4C96-B93A-7B284ECB54DE}"
EndProject
Project("{FAE04EC0-301F-11D3-BF4B-00C04F79EFBC}") = "TW.CTM.Models", "Source\TW.CTM.Models\TW.CTM.Models.csproj", "{63178365-82FF-4E9D-A7AF-CA14FF9BCB80}"
EndProject
Project("{FAE04EC0-301F-11D3-BF4B-00C04F79EFBC}") = "TW.CTM.Businesses", "Source\TW.CTM.Sechduler\TW.CTM.Businesses.csproj", "{0AF483CC-2411-4C84-9EEB-497E068E9845}"
EndProject
Project("{FAE04EC0-301F-11D3-BF4B-00C04F79EFBC}") = "TW.CTM.Businesses.UnitTest", "UnitTest\TW.CTM.Businesses.UnitTest\TW.CTM.Businesses.UnitTest.csproj", "{A58D6930-F2E9-4990-9623-0BFDE653CE5A}"
EndProject
Project("{FAE04EC0-301F-11D3-BF4B-00C04F79EFBC}") = "TW.CTM.Common.UnitTest", "UnitTest\TW.CTM.Common.UnitTest\TW.CTM.Common.UnitTest.csproj", "{602CD4EB-0498-4291-945C-9017E98EBBE2}"
EndProject
Project("{FAE04EC0-301F-11D3-BF4B-00C04F79EFBC}") = "TW.CTM.Models.UnitTest", "UnitTest\TW.CTM.Models.UnitTest\TW.CTM.Models.UnitTest.csproj", "{A61D4223-269A-4CB0-BC27-C8A150CF46D4}"
EndProject
Project("{FAE04EC0-301F-11D3-BF4B-00C04F79EFBC}") = "TW.CTM.Shell", "Source\TW.CTM.Shell\TW.CTM.Shell.csproj", "{1DAA7D53-FC39-46C2-B8D0-5819964D21FC}"
EndProject
Project("{2150E333-8FDC-42A3-9474-1A3956D46DE8}") = "Solution Items", "Solution Items", "{455F1752-F384-4FF0-999F-3DF4C2F7E07F}"
	ProjectSection(SolutionItems) = preProject
		ConferenceTrackManagement.docx = ConferenceTrackManagement.docx
		Readme.txt = Readme.txt
	EndProjectSection
EndProject
Project("{FAE04EC0-301F-11D3-BF4B-00C04F79EFBC}") = "TW.CTM.Shell.WPF", "Source\TW.CTM.Shell.WPF\TW.CTM.Shell.WPF.csproj", "{CE9EF199-B498-4C2A-A659-8C51518CCAD9}"
EndProject
Global
	GlobalSection(SolutionConfigurationPlatforms) = preSolution
		Debug|Any CPU = Debug|Any CPU
		Release|Any CPU = Release|Any CPU
	EndGlobalSection
	GlobalSection(ProjectConfigurationPlatforms) = postSolution
		{90A2EB80-71E4-474D-B81D-030D7A6DDA9F}.Debug|Any CPU.ActiveCfg = Debug|Any CPU
		{90A2EB80-71E4-474D-B81D-030D7A6DDA9F}.Debug|Any CPU.Build.0 = Debug|Any CPU
		{90A2EB80-71E4-474D-B81D-030D7A6DDA9F}.Release|Any CPU.ActiveCfg = Release|Any CPU
		{90A2EB80-71E4-474D-B81D-030D7A6DDA9F}.Release|Any CPU.Build.0 = Release|Any CPU
		{0CFD55C9-F5D4-4C96-B93A-7B284ECB54DE}.Debug|Any CPU.ActiveCfg = Debug|Any CPU
		{0CFD55C9-F5D4-4C96-B93A-7B284ECB54DE}.Debug|Any CPU.Build.0 = Debug|Any CPU
		{0CFD55C9-F5D4-4C96-B93A-7B284ECB54DE}.Release|Any CPU.ActiveCfg = Release|Any CPU
		{0CFD55C9-F5D4-4C96-B93A-7B284ECB54DE}.Release|Any CPU.Build.0 = Release|Any CPU
		{63178365-82FF-4E9D-A7AF-CA14FF9BCB80}.Debug|Any CPU.ActiveCfg = Debug|Any CPU
		{63178365-82FF-4E9D-A7AF-CA14FF9BCB80}.Debug|Any CPU.Build.0 = Debug|Any CPU
		{63178365-82FF-4E9D-A7AF-CA14FF9BCB80}.Release|Any CPU.ActiveCfg = Release|Any CPU
		{63178365-82FF-4E9D-A7AF-CA14FF9BCB80}.Release|Any CPU.Build.0 = Release|Any CPU
		{0AF483CC-2411-4C84-9EEB-497E068E9845}.Debug|Any CPU.ActiveCfg = Debug|Any CPU
		{0AF483CC-2411-4C84-9EEB-497E068E9845}.Debug|Any CPU.Build.0 = Debug|Any CPU
		{0AF483CC-2411-4C84-9EEB-497E068E9845}.Release|Any CPU.ActiveCfg = Release|Any CPU
		{0AF483CC-2411-4C84-9EEB-497E068E9845}.Release|Any CPU.Build.0 = Release|Any CPU
		{A58D6930-F2E9-4990-9623-0BFDE653CE5A}.Debug|Any CPU.ActiveCfg = Debug|Any CPU
		{A58D6930-F2E9-4990-9623-0BFDE653CE5A}.Debug|Any CPU.Build.0 = Debug|Any CPU
		{A58D6930-F2E9-4990-9623-0BFDE653CE5A}.Release|Any CPU.ActiveCfg = Release|Any CPU
		{A58D6930-F2E9-4990-9623-0BFDE653CE5A}.Release|Any CPU.Build.0 = Release|Any CPU
		{602CD4EB-0498-4291-945C-9017E98EBBE2}.Debug|Any CPU.ActiveCfg = Debug|Any CPU
		{602CD4EB-0498-4291-945C-9017E98EBBE2}.Debug|Any CPU.Build.0 = Debug|Any CPU
		{602CD4EB-0498-4291-945C-9017E98EBBE2}.Release|Any CPU.ActiveCfg = Release|Any CPU
		{602CD4EB-0498-4291-945C-9017E98EBBE2}.Release|Any CPU.Build.0 = Release|Any CPU
		{A61D4223-269A-4CB0-BC27-C8A150CF46D4}.Debug|Any CPU.ActiveCfg = Debug|Any CPU
		{A61D4223-269A-4CB0-BC27-C8A150CF46D4}.Debug|Any CPU.Build.0 = Debug|Any CPU
		{A61D4223-269A-4CB0-BC27-C8A150CF46D4}.Release|Any CPU.ActiveCfg = Release|Any CPU
		{A61D4223-269A-4CB0-BC27-C8A150CF46D4}.Release|Any CPU.Build.0 = Release|Any CPU
		{1DAA7D53-FC39-46C2-B8D0-5819964D21FC}.Debug|Any CPU.ActiveCfg = Debug|Any CPU
		{1DAA7D53-FC39-46C2-B8D0-5819964D21FC}.Debug|Any CPU.Build.0 = Debug|Any CPU
		{1DAA7D53-FC39-46C2-B8D0-5819964D21FC}.Release|Any CPU.ActiveCfg = Release|Any CPU
		{1DAA7D53-FC39-46C2-B8D0-5819964D21FC}.Release|Any CPU.Build.0 = Release|Any CPU
		{CE9EF199-B498-4C2A-A659-8C51518CCAD9}.Debug|Any CPU.ActiveCfg = Debug|Any CPU
		{CE9EF199-B498-4C2A-A659-8C51518CCAD9}.Debug|Any CPU.Build.0 = Debug|Any CPU
		{CE9EF199-B498-4C2A-A659-8C51518CCAD9}.Release|Any CPU.ActiveCfg = Release|Any CPU
		{CE9EF199-B498-4C2A-A659-8C51518CCAD9}.Release|Any CPU.Build.0 = Release|Any CPU
	EndGlobalSection
	GlobalSection(SolutionProperties) = preSolution
		HideSolutionNode = FALSE
	EndGlobalSection
	GlobalSection(NestedProjects) = preSolution
		{90A2EB80-71E4-474D-B81D-030D7A6DDA9F} = {150F9227-EDB6-42F4-AEA4-47CBD286536B}
		{0CFD55C9-F5D4-4C96-B93A-7B284ECB54DE} = {150F9227-EDB6-42F4-AEA4-47CBD286536B}
		{63178365-82FF-4E9D-A7AF-CA14FF9BCB80} = {150F9227-EDB6-42F4-AEA4-47CBD286536B}
		{0AF483CC-2411-4C84-9EEB-497E068E9845} = {150F9227-EDB6-42F4-AEA4-47CBD286536B}
		{A58D6930-F2E9-4990-9623-0BFDE653CE5A} = {68B913F0-6A07-4551-A8BD-1C57D3338668}
		{602CD4EB-0498-4291-945C-9017E98EBBE2} = {68B913F0-6A07-4551-A8BD-1C57D3338668}
		{A61D4223-269A-4CB0-BC27-C8A150CF46D4} = {68B913F0-6A07-4551-A8BD-1C57D3338668}
		{1DAA7D53-FC39-46C2-B8D0-5819964D21FC} = {150F9227-EDB6-42F4-AEA4-47CBD286536B}
		{CE9EF199-B498-4C2A-A659-8C51518CCAD9} = {150F9227-EDB6-42F4-AEA4-47CBD286536B}
	EndGlobalSection
EndGlobal
